{
  "name": "ebooks-ia",
  "lockfileVersion": 3,
  "requires": true,
  "packages": {
    "": {
      "dependencies": {
        "dotenv": "^17.2.3",
        "sendpulse-api": "^1.1.7"
      }
    },
    "node_modules/dotenv": {
      "version": "17.2.3",
      "resolved": "https://registry.npmjs.org/dotenv/-/dotenv-17.2.3.tgz",
      "integrity": "sha512-JVUnt+DUIzu87TABbhPmNfVdBDt18BLOWjMUFJMSi/Qqg7NTYtabbvSNJGOJ7afbRuv9D/lngizHtP7QyLQ+9w==",
      "engines": {
        "node": ">=12"
      },
      "funding": {
        "url": "https://dotenvx.com"
      }
    },
    "node_modules/sendpulse-api": {
      "version": "1.1.7",
      "resolved": "https://registry.npmjs.org/sendpulse-api/-/sendpulse-api-1.1.7.tgz",
      "integrity": "sha512-Jb/9mcMN1Cs/5iHDQ+EURXfUzhJAz3W9yeAfPnVoHhTsj2Cx9n9oqqxvwZay1kTSbweVNIrLCt12ku31IufQfw=="
    }
  }
}
